
Microsoft Visual Studio Solution File, Format Version 12.00
# Visual Studio Version 17
VisualStudioVersion = 17.5.33530.505
MinimumVisualStudioVersion = 10.0.40219.1
Project("{FAE04EC0-301F-11D3-BF4B-00C04F79EFBC}") = "renderDotnetCore", "renderDotnetCore.csproj", "{E9E8965E-3C2E-4A68-9E9A-82641CFAEADB}"
EndProject
Global
	GlobalSection(SolutionConfigurationPlatforms) = preSolution
		Debug|Any CPU = Debug|Any CPU
		Release|Any CPU = Release|Any CPU
	EndGlobalSection
	GlobalSection(ProjectConfigurationPlatforms) = postSolution
		{E9E8965E-3C2E-4A68-9E9A-82641CFAEADB}.Debug|Any CPU.ActiveCfg = Debug|Any CPU
		{E9E8965E-3C2E-4A68-9E9A-82641CFAEADB}.Debug|Any CPU.Build.0 = Debug|Any CPU
		{E9E8965E-3C2E-4A68-9E9A-82641CFAEADB}.Release|Any CPU.ActiveCfg = Release|Any CPU
		{E9E8965E-3C2E-4A68-9E9A-82641CFAEADB}.Release|Any CPU.Build.0 = Release|Any CPU
	EndGlobalSection
	GlobalSection(SolutionProperties) = preSolution
		HideSolutionNode = FALSE
	EndGlobalSection
	GlobalSection(ExtensibilityGlobals) = postSolution
		SolutionGuid = {A8C3AC7F-5F2C-4A8A-87A7-2D37C8246AE7}
	EndGlobalSection
EndGlobal
